{
  "name": "postcss-calc",
  "version": "1.0.0",
  "lockfileVersion": 1,
  "requires": true,
  "dependencies": {
    "color-name": {
      "version": "1.1.4",
      "resolved": "https://registry.npm.taobao.org/color-name/download/color-name-1.1.4.tgz",
      "integrity": "sha1-wqCah6y95pVD3m9j+jmVyCbFNqI="
    },
    "colorette": {
      "version": "1.2.2",
      "resolved": "https://registry.npm.taobao.org/colorette/download/colorette-1.2.2.tgz?cache=0&sync_timestamp=1614259838969&other_urls=https%3A%2F%2Fregistry.npm.taobao.org%2Fcolorette%2Fdownload%2Fcolorette-1.2.2.tgz",
      "integrity": "sha1-y8x51emcrqLb8Q6zom/Ys+as+pQ="
    },
    "is-url-superb": {
      "version": "4.0.0",
      "resolved": "https://registry.npm.taobao.org/is-url-superb/download/is-url-superb-4.0.0.tgz",
      "integrity": "sha1-tU0dJJm7FnknSKyWeqPstBozqMI="
    },
    "nanoid": {
      "version": "3.1.22",
      "resolved": "https://registry.npm.taobao.org/nanoid/download/nanoid-3.1.22.tgz?cache=0&sync_timestamp=1615820310415&other_urls=https%3A%2F%2Fregistry.npm.taobao.org%2Fnanoid%2Fdownload%2Fnanoid-3.1.22.tgz",
      "integrity": "sha1-s1+Pt9FRmQqK69WqUBXAPPcm+EQ="
    },
    "postcss": {
      "version": "8.2.8",
      "resolved": "https://registry.npm.taobao.org/postcss/download/postcss-8.2.8.tgz?cache=0&sync_timestamp=1615327834455&other_urls=https%3A%2F%2Fregistry.npm.taobao.org%2Fpostcss%2Fdownload%2Fpostcss-8.2.8.tgz",
      "integrity": "sha1-C5D5OC79pCTE8PaaLq1vaDDQjs4=",
      "requires": {
        "colorette": "^1.2.2",
        "nanoid": "^3.1.20",
        "source-map": "^0.6.1"
      }
    },
    "postcss-values-parser": {
      "version": "5.0.0",
      "resolved": "https://registry.npm.taobao.org/postcss-values-parser/download/postcss-values-parser-5.0.0.tgz?cache=0&sync_timestamp=1613955237845&other_urls=https%3A%2F%2Fregistry.npm.taobao.org%2Fpostcss-values-parser%2Fdownload%2Fpostcss-values-parser-5.0.0.tgz",
      "integrity": "sha1-EMYaw/SI5N4ldGuCnqjYiU6aw9I=",
      "requires": {
        "color-name": "^1.1.4",
        "is-url-superb": "^4.0.0",
        "quote-unquote": "^1.0.0"
      }
    },
    "quote-unquote": {
      "version": "1.0.0",
      "resolved": "https://registry.npm.taobao.org/quote-unquote/download/quote-unquote-1.0.0.tgz",
      "integrity": "sha1-Z6mncUjv/q+BpNQoQEpxC6qsigs="
    },
    "source-map": {
      "version": "0.6.1",
      "resolved": "https://registry.npm.taobao.org/source-map/download/source-map-0.6.1.tgz",
      "integrity": "sha1-dHIq8y6WFOnCh6jQu95IteLxomM="
    }
  }
}
