# THIS IS AN AUTOGENERATED FILE. DO NOT EDIT THIS FILE DIRECTLY.
# yarn lockfile v1


color-name@^1.1.4:
  version "1.1.4"
  resolved "https://registry.npm.taobao.org/color-name/download/color-name-1.1.4.tgz#c2a09a87acbde69543de6f63fa3995c826c536a2"
  integrity sha1-wqCah6y95pVD3m9j+jmVyCbFNqI=

colorette@^1.2.1:
  version "1.2.2"
  resolved "https://registry.npm.taobao.org/colorette/download/colorette-1.2.2.tgz?cache=0&sync_timestamp=1614259647923&other_urls=https%3A%2F%2Fregistry.npm.taobao.org%2Fcolorette%2Fdownload%2Fcolorette-1.2.2.tgz#cbcc79d5e99caea2dbf10eb3a26fd8b3e6acfa94"
  integrity sha1-y8x51emcrqLb8Q6zom/Ys+as+pQ=

is-url-superb@^4.0.0:
  version "4.0.0"
  resolved "https://registry.npm.taobao.org/is-url-superb/download/is-url-superb-4.0.0.tgz#b54d1d2499bb16792748ac967aa3ecb41a33a8c2"
  integrity sha1-tU0dJJm7FnknSKyWeqPstBozqMI=

isarray@1.0.0, isarray@^1.0.0:
  version "1.0.0"
  resolved "https://registry.npm.taobao.org/isarray/download/isarray-1.0.0.tgz#bb935d48582cba168c06834957a54a3e07124f11"
  integrity sha1-u5NdSFgsuhaMBoNJV6VKPgcSTxE=

isobject@^2.0.0:
  version "2.1.0"
  resolved "https://registry.npm.taobao.org/isobject/download/isobject-2.1.0.tgz#f065561096a3f1da2ef46272f815c840d87e0c89"
  integrity sha1-8GVWEJaj8dou9GJy+BXIQNh+DIk=
  dependencies:
    isarray "1.0.0"

line-column@^1.0.2:
  version "1.0.2"
  resolved "https://registry.npm.taobao.org/line-column/download/line-column-1.0.2.tgz#d25af2936b6f4849172b312e4792d1d987bc34a2"
  integrity sha1-0lryk2tvSEkXKzEuR5LR2Ye8NKI=
  dependencies:
    isarray "^1.0.0"
    isobject "^2.0.0"

nanoid@^3.1.12:
  version "3.1.22"
  resolved "https://registry.npm.taobao.org/nanoid/download/nanoid-3.1.22.tgz?cache=0&sync_timestamp=1615820310415&other_urls=https%3A%2F%2Fregistry.npm.taobao.org%2Fnanoid%2Fdownload%2Fnanoid-3.1.22.tgz#b35f8fb7d151990a8aebd5aa5015c03cf726f844"
  integrity sha1-s1+Pt9FRmQqK69WqUBXAPPcm+EQ=

postcss-values-parser@^5.0.0:
  version "5.0.0"
  resolved "https://registry.npm.taobao.org/postcss-values-parser/download/postcss-values-parser-5.0.0.tgz#10c61ac3f488e4de25746b829ea8d8894e9ac3d2"
  integrity sha1-EMYaw/SI5N4ldGuCnqjYiU6aw9I=
  dependencies:
    color-name "^1.1.4"
    is-url-superb "^4.0.0"
    quote-unquote "^1.0.0"

postcss@8.1.0:
  version "8.1.0"
  resolved "https://registry.npm.taobao.org/postcss/download/postcss-8.1.0.tgz?cache=0&sync_timestamp=1615327834455&other_urls=https%3A%2F%2Fregistry.npm.taobao.org%2Fpostcss%2Fdownload%2Fpostcss-8.1.0.tgz#1be330c7f6971d49726059b9f51785f45273fa70"
  integrity sha1-G+Mwx/aXHUlyYFm59ReF9FJz+nA=
  dependencies:
    colorette "^1.2.1"
    line-column "^1.0.2"
    nanoid "^3.1.12"
    source-map "^0.6.1"

quote-unquote@^1.0.0:
  version "1.0.0"
  resolved "https://registry.npm.taobao.org/quote-unquote/download/quote-unquote-1.0.0.tgz#67a9a77148effeaf81a4d428404a710baaac8a0b"
  integrity sha1-Z6mncUjv/q+BpNQoQEpxC6qsigs=

source-map@^0.6.1:
  version "0.6.1"
  resolved "https://registry.npm.taobao.org/source-map/download/source-map-0.6.1.tgz#74722af32e9614e9c287a8d0bbde48b5e2f1a263"
  integrity sha1-dHIq8y6WFOnCh6jQu95IteLxomM=
